<?xml version="1.0" encoding="utf-8"?>
<Project ToolsVersion="4.0" xmlns="http://schemas.microsoft.com/developer/msbuild/2003">
  <ItemGroup>
    <Filter Include="Source Files">
      <UniqueIdentifier>{4FC737F1-C7A5-4376-A066-2A32D752A2FF}</UniqueIdentifier>
      <Extensions>cpp;c;cc;cxx;c++;cppm;ixx;def;odl;idl;hpj;bat;asm;asmx</Extensions>
    </Filter>
    <Filter Include="Header Files">
      <UniqueIdentifier>{93995380-89BD-4b04-88EB-625FBE52EBFB}</UniqueIdentifier>
      <Extensions>h;hh;hpp;hxx;h++;hm;inl;inc;ipp;xsd</Extensions>
    </Filter>
    <Filter Include="Resource Files">
      <UniqueIdentifier>{67DA6AB6-F800-4c08-8B7A-83BB121AAD01}</UniqueIdentifier>
      <Extensions>rc;ico;cur;bmp;dlg;rc2;rct;bin;rgs;gif;jpg;jpeg;jpe;resx;tiff;tif;png;wav;mfcribbon-ms</Extensions>
    </Filter>
  </ItemGroup>
  <ItemGroup>
    <ClCompile Include="DummyChef.cpp">
      <Filter>Source Files</Filter>
    </ClCompile>
    <ClCompile Include="iUtilizator.cpp">
      <Filter>Source Files</Filter>
    </ClCompile>
    <ClCompile Include="Utilizator.cpp">
      <Filter>Source Files</Filter>
    </ClCompile>
    <ClCompile Include="Client.cpp">
      <Filter>Source Files</Filter>
    </ClCompile>
    <ClCompile Include="Bucatar.cpp">
      <Filter>Source Files</Filter>
    </ClCompile>
    <ClCompile Include="iIngrediente.cpp">
      <Filter>Source Files</Filter>
    </ClCompile>
    <ClCompile Include="Ingrediente.cpp">
      <Filter>Source Files</Filter>
    </ClCompile>
    <ClCompile Include="ListaDeCumparaturi.cpp">
      <Filter>Source Files</Filter>
    </ClCompile>
    <ClCompile Include="iReteta.cpp">
      <Filter>Source Files</Filter>
    </ClCompile>
    <ClCompile Include="Reteta.cpp">
      <Filter>Source Files</Filter>
    </ClCompile>
    <ClCompile Include="Preferinte.cpp">
      <Filter>Source Files</Filter>
    </ClCompile>
    <ClCompile Include="iFurnizior.cpp">
      <Filter>Source Files</Filter>
    </ClCompile>
    <ClCompile Include="Furnizor.cpp">
      <Filter>Source Files</Filter>
    </ClCompile>
    <ClCompile Include="IDGenerator.cpp">
      <Filter>Source Files</Filter>
    </ClCompile>
    <ClCompile Include="Administrator.cpp">
      <Filter>Source Files</Filter>
    </ClCompile>
    <ClCompile Include="Source.cpp">
      <Filter>Source Files</Filter>
    </ClCompile>
    <ClCompile Include="DatabaseConnection.cpp">
      <Filter>Source Files</Filter>
    </ClCompile>
    <ClCompile Include="Logger.cpp">
      <Filter>Source Files</Filter>
    </ClCompile>
    <ClCompile Include="Comanda.cpp">
      <Filter>Source Files</Filter>
    </ClCompile>
  </ItemGroup>
  <ItemGroup>
    <ClInclude Include="DummyChef.h">
      <Filter>Header Files</Filter>
    </ClInclude>
    <ClInclude Include="iUtilizator.h">
      <Filter>Header Files</Filter>
    </ClInclude>
    <ClInclude Include="Utilizator.h">
      <Filter>Header Files</Filter>
    </ClInclude>
    <ClInclude Include="Client.h">
      <Filter>Header Files</Filter>
    </ClInclude>
    <ClInclude Include="Bucatar.h">
      <Filter>Header Files</Filter>
    </ClInclude>
    <ClInclude Include="iIngrediente.h">
      <Filter>Header Files</Filter>
    </ClInclude>
    <ClInclude Include="Ingrediente.h">
      <Filter>Header Files</Filter>
    </ClInclude>
    <ClInclude Include="ListaDeCumparaturi.h">
      <Filter>Header Files</Filter>
    </ClInclude>
    <ClInclude Include="iReteta.h">
      <Filter>Header Files</Filter>
    </ClInclude>
    <ClInclude Include="Reteta.h">
      <Filter>Header Files</Filter>
    </ClInclude>
    <ClInclude Include="Preferinte.h">
      <Filter>Header Files</Filter>
    </ClInclude>
    <ClInclude Include="iFurnizior.h">
      <Filter>Header Files</Filter>
    </ClInclude>
    <ClInclude Include="Furnizor.h">
      <Filter>Header Files</Filter>
    </ClInclude>
    <ClInclude Include="IDGenerator.h">
      <Filter>Header Files</Filter>
    </ClInclude>
    <ClInclude Include="Administrator.h">
      <Filter>Header Files</Filter>
    </ClInclude>
    <ClInclude Include="DatabaseConnection.h">
      <Filter>Header Files</Filter>
    </ClInclude>
    <ClInclude Include="Logger.h">
      <Filter>Header Files</Filter>
    </ClInclude>
    <ClInclude Include="Comanda.h">
      <Filter>Header Files</Filter>
    </ClInclude>
  </ItemGroup>
  <ItemGroup>
    <Text Include="Ingrediente.txt">
      <Filter>Resource Files</Filter>
    </Text>
    <Text Include="Furnizori.txt">
      <Filter>Resource Files</Filter>
    </Text>
    <Text Include="Stoc.txt">
      <Filter>Resource Files</Filter>
    </Text>
    <Text Include="Log.txt">
      <Filter>Resource Files</Filter>
    </Text>
  </ItemGroup>
</Project>